
Microsoft Visual Studio Solution File, Format Version 12.00
# Visual Studio Version 17
VisualStudioVersion = 17.3.32901.215
MinimumVisualStudioVersion = 10.0.40219.1
Project("{FAE04EC0-301F-11D3-BF4B-00C04F79EFBC}") = "Exercícios_Lista4", "Exercícios_Lista4.csproj", "{A17E962C-0B11-424B-9664-92F3E46EC09A}"
EndProject
Global
	GlobalSection(SolutionConfigurationPlatforms) = preSolution
		Debug|Any CPU = Debug|Any CPU
		Release|Any CPU = Release|Any CPU
	EndGlobalSection
	GlobalSection(ProjectConfigurationPlatforms) = postSolution
		{A17E962C-0B11-424B-9664-92F3E46EC09A}.Debug|Any CPU.ActiveCfg = Debug|Any CPU
		{A17E962C-0B11-424B-9664-92F3E46EC09A}.Debug|Any CPU.Build.0 = Debug|Any CPU
		{A17E962C-0B11-424B-9664-92F3E46EC09A}.Release|Any CPU.ActiveCfg = Release|Any CPU
		{A17E962C-0B11-424B-9664-92F3E46EC09A}.Release|Any CPU.Build.0 = Release|Any CPU
	EndGlobalSection
	GlobalSection(SolutionProperties) = preSolution
		HideSolutionNode = FALSE
	EndGlobalSection
	GlobalSection(ExtensibilityGlobals) = postSolution
		SolutionGuid = {18300617-C51F-4319-9777-D6E42B0C56C7}
	EndGlobalSection
EndGlobal
