
Microsoft Visual Studio Solution File, Format Version 12.00
# Visual Studio Version 17
VisualStudioVersion = 17.3.32929.385
MinimumVisualStudioVersion = 10.0.40219.1
Project("{FAE04EC0-301F-11D3-BF4B-00C04F79EFBC}") = "Academia_.Net_Lista8_Q3", "Academia_.Net_Lista8_Q3\Academia_.Net_Lista8_Q3.csproj", "{1D31A33C-28FC-4303-8949-E934CBE26962}"
EndProject
Global
	GlobalSection(SolutionConfigurationPlatforms) = preSolution
		Debug|Any CPU = Debug|Any CPU
		Release|Any CPU = Release|Any CPU
	EndGlobalSection
	GlobalSection(ProjectConfigurationPlatforms) = postSolution
		{1D31A33C-28FC-4303-8949-E934CBE26962}.Debug|Any CPU.ActiveCfg = Debug|Any CPU
		{1D31A33C-28FC-4303-8949-E934CBE26962}.Debug|Any CPU.Build.0 = Debug|Any CPU
		{1D31A33C-28FC-4303-8949-E934CBE26962}.Release|Any CPU.ActiveCfg = Release|Any CPU
		{1D31A33C-28FC-4303-8949-E934CBE26962}.Release|Any CPU.Build.0 = Release|Any CPU
	EndGlobalSection
	GlobalSection(SolutionProperties) = preSolution
		HideSolutionNode = FALSE
	EndGlobalSection
	GlobalSection(ExtensibilityGlobals) = postSolution
		SolutionGuid = {F729E3CD-FD4F-4216-A9D7-8CAFE57B6FDA}
	EndGlobalSection
EndGlobal
