
Microsoft Visual Studio Solution File, Format Version 12.00
# Visual Studio Version 17
VisualStudioVersion = 17.3.32901.215
MinimumVisualStudioVersion = 10.0.40219.1
Project("{FAE04EC0-301F-11D3-BF4B-00C04F79EFBC}") = "Exercicios_Lista1", "Exercicios_Lista1\Exercicios_Lista1.csproj", "{56F240D1-8239-46C7-8594-ED4B63062661}"
EndProject
Global
	GlobalSection(SolutionConfigurationPlatforms) = preSolution
		Debug|Any CPU = Debug|Any CPU
		Release|Any CPU = Release|Any CPU
	EndGlobalSection
	GlobalSection(ProjectConfigurationPlatforms) = postSolution
		{56F240D1-8239-46C7-8594-ED4B63062661}.Debug|Any CPU.ActiveCfg = Debug|Any CPU
		{56F240D1-8239-46C7-8594-ED4B63062661}.Debug|Any CPU.Build.0 = Debug|Any CPU
		{56F240D1-8239-46C7-8594-ED4B63062661}.Release|Any CPU.ActiveCfg = Release|Any CPU
		{56F240D1-8239-46C7-8594-ED4B63062661}.Release|Any CPU.Build.0 = Release|Any CPU
	EndGlobalSection
	GlobalSection(SolutionProperties) = preSolution
		HideSolutionNode = FALSE
	EndGlobalSection
	GlobalSection(ExtensibilityGlobals) = postSolution
		SolutionGuid = {84D59606-1ACB-44B8-A675-32BD5C9420FE}
	EndGlobalSection
EndGlobal
