
Microsoft Visual Studio Solution File, Format Version 12.00
# Visual Studio Version 17
VisualStudioVersion = 17.3.32929.385
MinimumVisualStudioVersion = 10.0.40219.1
Project("{FAE04EC0-301F-11D3-BF4B-00C04F79EFBC}") = "Academia_.Net._Lista7_Q8", "Academia_.Net._Lista7_Q8\Academia_.Net._Lista7_Q8.csproj", "{6207AC18-A6ED-49F1-8D43-FE151F443CE3}"
EndProject
Global
	GlobalSection(SolutionConfigurationPlatforms) = preSolution
		Debug|Any CPU = Debug|Any CPU
		Release|Any CPU = Release|Any CPU
	EndGlobalSection
	GlobalSection(ProjectConfigurationPlatforms) = postSolution
		{6207AC18-A6ED-49F1-8D43-FE151F443CE3}.Debug|Any CPU.ActiveCfg = Debug|Any CPU
		{6207AC18-A6ED-49F1-8D43-FE151F443CE3}.Debug|Any CPU.Build.0 = Debug|Any CPU
		{6207AC18-A6ED-49F1-8D43-FE151F443CE3}.Release|Any CPU.ActiveCfg = Release|Any CPU
		{6207AC18-A6ED-49F1-8D43-FE151F443CE3}.Release|Any CPU.Build.0 = Release|Any CPU
	EndGlobalSection
	GlobalSection(SolutionProperties) = preSolution
		HideSolutionNode = FALSE
	EndGlobalSection
	GlobalSection(ExtensibilityGlobals) = postSolution
		SolutionGuid = {ACA4618D-1D5C-43BC-848C-2A405BBC3FAC}
	EndGlobalSection
EndGlobal
